
Microsoft Visual Studio Solution File, Format Version 12.00
# Visual Studio 15
VisualStudioVersion = 15.0.28307.421
MinimumVisualStudioVersion = 10.0.40219.1
Project("{FAE04EC0-301F-11D3-BF4B-00C04F79EFBC}") = "Ex02_Othelo", "Ex02_Othelo\Ex02_Othelo.csproj", "{3477EA35-468D-476E-B09E-FD580B8B1724}"
EndProject
Global
	GlobalSection(SolutionConfigurationPlatforms) = preSolution
		Debug|Any CPU = Debug|Any CPU
		Release|Any CPU = Release|Any CPU
	EndGlobalSection
	GlobalSection(ProjectConfigurationPlatforms) = postSolution
		{3477EA35-468D-476E-B09E-FD580B8B1724}.Debug|Any CPU.ActiveCfg = Debug|Any CPU
		{3477EA35-468D-476E-B09E-FD580B8B1724}.Debug|Any CPU.Build.0 = Debug|Any CPU
		{3477EA35-468D-476E-B09E-FD580B8B1724}.Release|Any CPU.ActiveCfg = Release|Any CPU
		{3477EA35-468D-476E-B09E-FD580B8B1724}.Release|Any CPU.Build.0 = Release|Any CPU
	EndGlobalSection
	GlobalSection(SolutionProperties) = preSolution
		HideSolutionNode = FALSE
	EndGlobalSection
	GlobalSection(ExtensibilityGlobals) = postSolution
		SolutionGuid = {9C85FCD3-4EA8-4564-8830-4AD47DF76A27}
	EndGlobalSection
EndGlobal
